
Microsoft Visual Studio Solution File, Format Version 12.00
# Visual Studio Version 17
VisualStudioVersion = 17.1.32210.238
MinimumVisualStudioVersion = 10.0.40219.1
Project("{FAE04EC0-301F-11D3-BF4B-00C04F79EFBC}") = "Zaehler.UWP", "Zaehler\Zaehler.UWP\Zaehler.UWP.csproj", "{5B9EC331-DA03-4489-ADE7-A08E61AC377E}"
EndProject
Project("{FAE04EC0-301F-11D3-BF4B-00C04F79EFBC}") = "Zaehler.Android", "Zaehler\Zaehler.Android\Zaehler.Android.csproj", "{A0909C31-C970-43C9-BC83-07B0113382B5}"
EndProject
Project("{FAE04EC0-301F-11D3-BF4B-00C04F79EFBC}") = "Zaehler.iOS", "Zaehler\Zaehler.iOS\Zaehler.iOS.csproj", "{8A884DF2-CE2E-404B-85F9-3DA00AD777EB}"
EndProject
Project("{FAE04EC0-301F-11D3-BF4B-00C04F79EFBC}") = "Zaehler", "Zaehler\Zaehler\Zaehler.csproj", "{3A9F9663-AC71-4462-A53B-D18AC6CCA8B4}"
EndProject
Global
	GlobalSection(SolutionConfigurationPlatforms) = preSolution
		Debug|Any CPU = Debug|Any CPU
		Debug|ARM = Debug|ARM
		Debug|iPhone = Debug|iPhone
		Debug|iPhoneSimulator = Debug|iPhoneSimulator
		Debug|x64 = Debug|x64
		Debug|x86 = Debug|x86
		Release|Any CPU = Release|Any CPU
		Release|ARM = Release|ARM
		Release|iPhone = Release|iPhone
		Release|iPhoneSimulator = Release|iPhoneSimulator
		Release|x64 = Release|x64
		Release|x86 = Release|x86
	EndGlobalSection
	GlobalSection(ProjectConfigurationPlatforms) = postSolution
		{5B9EC331-DA03-4489-ADE7-A08E61AC377E}.Debug|Any CPU.ActiveCfg = Debug|x64
		{5B9EC331-DA03-4489-ADE7-A08E61AC377E}.Debug|Any CPU.Build.0 = Debug|x64
		{5B9EC331-DA03-4489-ADE7-A08E61AC377E}.Debug|Any CPU.Deploy.0 = Debug|x64
		{5B9EC331-DA03-4489-ADE7-A08E61AC377E}.Debug|ARM.ActiveCfg = Debug|ARM
		{5B9EC331-DA03-4489-ADE7-A08E61AC377E}.Debug|ARM.Build.0 = Debug|ARM
		{5B9EC331-DA03-4489-ADE7-A08E61AC377E}.Debug|ARM.Deploy.0 = Debug|ARM
		{5B9EC331-DA03-4489-ADE7-A08E61AC377E}.Debug|iPhone.ActiveCfg = Debug|x64
		{5B9EC331-DA03-4489-ADE7-A08E61AC377E}.Debug|iPhone.Build.0 = Debug|x64
		{5B9EC331-DA03-4489-ADE7-A08E61AC377E}.Debug|iPhone.Deploy.0 = Debug|x64
		{5B9EC331-DA03-4489-ADE7-A08E61AC377E}.Debug|iPhoneSimulator.ActiveCfg = Debug|x64
		{5B9EC331-DA03-4489-ADE7-A08E61AC377E}.Debug|iPhoneSimulator.Build.0 = Debug|x64
		{5B9EC331-DA03-4489-ADE7-A08E61AC377E}.Debug|iPhoneSimulator.Deploy.0 = Debug|x64
		{5B9EC331-DA03-4489-ADE7-A08E61AC377E}.Debug|x64.ActiveCfg = Debug|x64
		{5B9EC331-DA03-4489-ADE7-A08E61AC377E}.Debug|x64.Build.0 = Debug|x64
		{5B9EC331-DA03-4489-ADE7-A08E61AC377E}.Debug|x64.Deploy.0 = Debug|x64
		{5B9EC331-DA03-4489-ADE7-A08E61AC377E}.Debug|x86.ActiveCfg = Debug|x86
		{5B9EC331-DA03-4489-ADE7-A08E61AC377E}.Debug|x86.Build.0 = Debug|x86
		{5B9EC331-DA03-4489-ADE7-A08E61AC377E}.Debug|x86.Deploy.0 = Debug|x86
		{5B9EC331-DA03-4489-ADE7-A08E61AC377E}.Release|Any CPU.ActiveCfg = Release|x64
		{5B9EC331-DA03-4489-ADE7-A08E61AC377E}.Release|Any CPU.Build.0 = Release|x64
		{5B9EC331-DA03-4489-ADE7-A08E61AC377E}.Release|Any CPU.Deploy.0 = Release|x64
		{5B9EC331-DA03-4489-ADE7-A08E61AC377E}.Release|ARM.ActiveCfg = Release|ARM
		{5B9EC331-DA03-4489-ADE7-A08E61AC377E}.Release|ARM.Build.0 = Release|ARM
		{5B9EC331-DA03-4489-ADE7-A08E61AC377E}.Release|ARM.Deploy.0 = Release|ARM
		{5B9EC331-DA03-4489-ADE7-A08E61AC377E}.Release|iPhone.ActiveCfg = Release|x64
		{5B9EC331-DA03-4489-ADE7-A08E61AC377E}.Release|iPhone.Build.0 = Release|x64
		{5B9EC331-DA03-4489-ADE7-A08E61AC377E}.Release|iPhone.Deploy.0 = Release|x64
		{5B9EC331-DA03-4489-ADE7-A08E61AC377E}.Release|iPhoneSimulator.ActiveCfg = Release|x64
		{5B9EC331-DA03-4489-ADE7-A08E61AC377E}.Release|iPhoneSimulator.Build.0 = Release|x64
		{5B9EC331-DA03-4489-ADE7-A08E61AC377E}.Release|iPhoneSimulator.Deploy.0 = Release|x64
		{5B9EC331-DA03-4489-ADE7-A08E61AC377E}.Release|x64.ActiveCfg = Release|x64
		{5B9EC331-DA03-4489-ADE7-A08E61AC377E}.Release|x64.Build.0 = Release|x64
		{5B9EC331-DA03-4489-ADE7-A08E61AC377E}.Release|x64.Deploy.0 = Release|x64
		{5B9EC331-DA03-4489-ADE7-A08E61AC377E}.Release|x86.ActiveCfg = Release|x86
		{5B9EC331-DA03-4489-ADE7-A08E61AC377E}.Release|x86.Build.0 = Release|x86
		{5B9EC331-DA03-4489-ADE7-A08E61AC377E}.Release|x86.Deploy.0 = Release|x86
		{A0909C31-C970-43C9-BC83-07B0113382B5}.Debug|Any CPU.ActiveCfg = Debug|Any CPU
		{A0909C31-C970-43C9-BC83-07B0113382B5}.Debug|Any CPU.Build.0 = Debug|Any CPU
		{A0909C31-C970-43C9-BC83-07B0113382B5}.Debug|Any CPU.Deploy.0 = Debug|Any CPU
		{A0909C31-C970-43C9-BC83-07B0113382B5}.Debug|ARM.ActiveCfg = Debug|Any CPU
		{A0909C31-C970-43C9-BC83-07B0113382B5}.Debug|ARM.Build.0 = Debug|Any CPU
		{A0909C31-C970-43C9-BC83-07B0113382B5}.Debug|ARM.Deploy.0 = Debug|Any CPU
		{A0909C31-C970-43C9-BC83-07B0113382B5}.Debug|iPhone.ActiveCfg = Debug|Any CPU
		{A0909C31-C970-43C9-BC83-07B0113382B5}.Debug|iPhone.Build.0 = Debug|Any CPU
		{A0909C31-C970-43C9-BC83-07B0113382B5}.Debug|iPhone.Deploy.0 = Debug|Any CPU
		{A0909C31-C970-43C9-BC83-07B0113382B5}.Debug|iPhoneSimulator.ActiveCfg = Debug|Any CPU
		{A0909C31-C970-43C9-BC83-07B0113382B5}.Debug|iPhoneSimulator.Build.0 = Debug|Any CPU
		{A0909C31-C970-43C9-BC83-07B0113382B5}.Debug|iPhoneSimulator.Deploy.0 = Debug|Any CPU
		{A0909C31-C970-43C9-BC83-07B0113382B5}.Debug|x64.ActiveCfg = Debug|Any CPU
		{A0909C31-C970-43C9-BC83-07B0113382B5}.Debug|x64.Build.0 = Debug|Any CPU
		{A0909C31-C970-43C9-BC83-07B0113382B5}.Debug|x64.Deploy.0 = Debug|Any CPU
		{A0909C31-C970-43C9-BC83-07B0113382B5}.Debug|x86.ActiveCfg = Debug|Any CPU
		{A0909C31-C970-43C9-BC83-07B0113382B5}.Debug|x86.Build.0 = Debug|Any CPU
		{A0909C31-C970-43C9-BC83-07B0113382B5}.Debug|x86.Deploy.0 = Debug|Any CPU
		{A0909C31-C970-43C9-BC83-07B0113382B5}.Release|Any CPU.ActiveCfg = Release|Any CPU
		{A0909C31-C970-43C9-BC83-07B0113382B5}.Release|Any CPU.Build.0 = Release|Any CPU
		{A0909C31-C970-43C9-BC83-07B0113382B5}.Release|Any CPU.Deploy.0 = Release|Any CPU
		{A0909C31-C970-43C9-BC83-07B0113382B5}.Release|ARM.ActiveCfg = Release|Any CPU
		{A0909C31-C970-43C9-BC83-07B0113382B5}.Release|ARM.Build.0 = Release|Any CPU
		{A0909C31-C970-43C9-BC83-07B0113382B5}.Release|ARM.Deploy.0 = Release|Any CPU
		{A0909C31-C970-43C9-BC83-07B0113382B5}.Release|iPhone.ActiveCfg = Release|Any CPU
		{A0909C31-C970-43C9-BC83-07B0113382B5}.Release|iPhone.Build.0 = Release|Any CPU
		{A0909C31-C970-43C9-BC83-07B0113382B5}.Release|iPhone.Deploy.0 = Release|Any CPU
		{A0909C31-C970-43C9-BC83-07B0113382B5}.Release|iPhoneSimulator.ActiveCfg = Release|Any CPU
		{A0909C31-C970-43C9-BC83-07B0113382B5}.Release|iPhoneSimulator.Build.0 = Release|Any CPU
		{A0909C31-C970-43C9-BC83-07B0113382B5}.Release|iPhoneSimulator.Deploy.0 = Release|Any CPU
		{A0909C31-C970-43C9-BC83-07B0113382B5}.Release|x64.ActiveCfg = Release|Any CPU
		{A0909C31-C970-43C9-BC83-07B0113382B5}.Release|x64.Build.0 = Release|Any CPU
		{A0909C31-C970-43C9-BC83-07B0113382B5}.Release|x64.Deploy.0 = Release|Any CPU
		{A0909C31-C970-43C9-BC83-07B0113382B5}.Release|x86.ActiveCfg = Release|Any CPU
		{A0909C31-C970-43C9-BC83-07B0113382B5}.Release|x86.Build.0 = Release|Any CPU
		{A0909C31-C970-43C9-BC83-07B0113382B5}.Release|x86.Deploy.0 = Release|Any CPU
		{8A884DF2-CE2E-404B-85F9-3DA00AD777EB}.Debug|Any CPU.ActiveCfg = Debug|iPhoneSimulator
		{8A884DF2-CE2E-404B-85F9-3DA00AD777EB}.Debug|Any CPU.Build.0 = Debug|iPhoneSimulator
		{8A884DF2-CE2E-404B-85F9-3DA00AD777EB}.Debug|Any CPU.Deploy.0 = Debug|iPhoneSimulator
		{8A884DF2-CE2E-404B-85F9-3DA00AD777EB}.Debug|ARM.ActiveCfg = Debug|iPhoneSimulator
		{8A884DF2-CE2E-404B-85F9-3DA00AD777EB}.Debug|ARM.Build.0 = Debug|iPhoneSimulator
		{8A884DF2-CE2E-404B-85F9-3DA00AD777EB}.Debug|ARM.Deploy.0 = Debug|iPhoneSimulator
		{8A884DF2-CE2E-404B-85F9-3DA00AD777EB}.Debug|iPhone.ActiveCfg = Debug|iPhone
		{8A884DF2-CE2E-404B-85F9-3DA00AD777EB}.Debug|iPhone.Build.0 = Debug|iPhone
		{8A884DF2-CE2E-404B-85F9-3DA00AD777EB}.Debug|iPhone.Deploy.0 = Debug|iPhone
		{8A884DF2-CE2E-404B-85F9-3DA00AD777EB}.Debug|iPhoneSimulator.ActiveCfg = Debug|iPhoneSimulator
		{8A884DF2-CE2E-404B-85F9-3DA00AD777EB}.Debug|iPhoneSimulator.Build.0 = Debug|iPhoneSimulator
		{8A884DF2-CE2E-404B-85F9-3DA00AD777EB}.Debug|iPhoneSimulator.Deploy.0 = Debug|iPhoneSimulator
		{8A884DF2-CE2E-404B-85F9-3DA00AD777EB}.Debug|x64.ActiveCfg = Debug|iPhone
		{8A884DF2-CE2E-404B-85F9-3DA00AD777EB}.Debug|x64.Build.0 = Debug|iPhone
		{8A884DF2-CE2E-404B-85F9-3DA00AD777EB}.Debug|x64.Deploy.0 = Debug|iPhone
		{8A884DF2-CE2E-404B-85F9-3DA00AD777EB}.Debug|x86.ActiveCfg = Debug|iPhoneSimulator
		{8A884DF2-CE2E-404B-85F9-3DA00AD777EB}.Debug|x86.Build.0 = Debug|iPhoneSimulator
		{8A884DF2-CE2E-404B-85F9-3DA00AD777EB}.Debug|x86.Deploy.0 = Debug|iPhoneSimulator
		{8A884DF2-CE2E-404B-85F9-3DA00AD777EB}.Release|Any CPU.ActiveCfg = Release|iPhoneSimulator
		{8A884DF2-CE2E-404B-85F9-3DA00AD777EB}.Release|Any CPU.Build.0 = Release|iPhoneSimulator
		{8A884DF2-CE2E-404B-85F9-3DA00AD777EB}.Release|Any CPU.Deploy.0 = Release|iPhoneSimulator
		{8A884DF2-CE2E-404B-85F9-3DA00AD777EB}.Release|ARM.ActiveCfg = Release|iPhoneSimulator
		{8A884DF2-CE2E-404B-85F9-3DA00AD777EB}.Release|ARM.Build.0 = Release|iPhoneSimulator
		{8A884DF2-CE2E-404B-85F9-3DA00AD777EB}.Release|ARM.Deploy.0 = Release|iPhoneSimulator
		{8A884DF2-CE2E-404B-85F9-3DA00AD777EB}.Release|iPhone.ActiveCfg = Release|iPhone
		{8A884DF2-CE2E-404B-85F9-3DA00AD777EB}.Release|iPhone.Build.0 = Release|iPhone
		{8A884DF2-CE2E-404B-85F9-3DA00AD777EB}.Release|iPhone.Deploy.0 = Release|iPhone
		{8A884DF2-CE2E-404B-85F9-3DA00AD777EB}.Release|iPhoneSimulator.ActiveCfg = Release|iPhoneSimulator
		{8A884DF2-CE2E-404B-85F9-3DA00AD777EB}.Release|iPhoneSimulator.Build.0 = Release|iPhoneSimulator
		{8A884DF2-CE2E-404B-85F9-3DA00AD777EB}.Release|iPhoneSimulator.Deploy.0 = Release|iPhoneSimulator
		{8A884DF2-CE2E-404B-85F9-3DA00AD777EB}.Release|x64.ActiveCfg = Release|iPhoneSimulator
		{8A884DF2-CE2E-404B-85F9-3DA00AD777EB}.Release|x64.Build.0 = Release|iPhoneSimulator
		{8A884DF2-CE2E-404B-85F9-3DA00AD777EB}.Release|x64.Deploy.0 = Release|iPhoneSimulator
		{8A884DF2-CE2E-404B-85F9-3DA00AD777EB}.Release|x86.ActiveCfg = Release|iPhoneSimulator
		{8A884DF2-CE2E-404B-85F9-3DA00AD777EB}.Release|x86.Build.0 = Release|iPhoneSimulator
		{8A884DF2-CE2E-404B-85F9-3DA00AD777EB}.Release|x86.Deploy.0 = Release|iPhoneSimulator
		{3A9F9663-AC71-4462-A53B-D18AC6CCA8B4}.Debug|Any CPU.ActiveCfg = Debug|Any CPU
		{3A9F9663-AC71-4462-A53B-D18AC6CCA8B4}.Debug|Any CPU.Build.0 = Debug|Any CPU
		{3A9F9663-AC71-4462-A53B-D18AC6CCA8B4}.Debug|Any CPU.Deploy.0 = Debug|Any CPU
		{3A9F9663-AC71-4462-A53B-D18AC6CCA8B4}.Debug|ARM.ActiveCfg = Debug|Any CPU
		{3A9F9663-AC71-4462-A53B-D18AC6CCA8B4}.Debug|ARM.Build.0 = Debug|Any CPU
		{3A9F9663-AC71-4462-A53B-D18AC6CCA8B4}.Debug|ARM.Deploy.0 = Debug|Any CPU
		{3A9F9663-AC71-4462-A53B-D18AC6CCA8B4}.Debug|iPhone.ActiveCfg = Debug|Any CPU
		{3A9F9663-AC71-4462-A53B-D18AC6CCA8B4}.Debug|iPhone.Build.0 = Debug|Any CPU
		{3A9F9663-AC71-4462-A53B-D18AC6CCA8B4}.Debug|iPhone.Deploy.0 = Debug|Any CPU
		{3A9F9663-AC71-4462-A53B-D18AC6CCA8B4}.Debug|iPhoneSimulator.ActiveCfg = Debug|Any CPU
		{3A9F9663-AC71-4462-A53B-D18AC6CCA8B4}.Debug|iPhoneSimulator.Build.0 = Debug|Any CPU
		{3A9F9663-AC71-4462-A53B-D18AC6CCA8B4}.Debug|iPhoneSimulator.Deploy.0 = Debug|Any CPU
		{3A9F9663-AC71-4462-A53B-D18AC6CCA8B4}.Debug|x64.ActiveCfg = Debug|Any CPU
		{3A9F9663-AC71-4462-A53B-D18AC6CCA8B4}.Debug|x64.Build.0 = Debug|Any CPU
		{3A9F9663-AC71-4462-A53B-D18AC6CCA8B4}.Debug|x64.Deploy.0 = Debug|Any CPU
		{3A9F9663-AC71-4462-A53B-D18AC6CCA8B4}.Debug|x86.ActiveCfg = Debug|Any CPU
		{3A9F9663-AC71-4462-A53B-D18AC6CCA8B4}.Debug|x86.Build.0 = Debug|Any CPU
		{3A9F9663-AC71-4462-A53B-D18AC6CCA8B4}.Debug|x86.Deploy.0 = Debug|Any CPU
		{3A9F9663-AC71-4462-A53B-D18AC6CCA8B4}.Release|Any CPU.ActiveCfg = Release|Any CPU
		{3A9F9663-AC71-4462-A53B-D18AC6CCA8B4}.Release|Any CPU.Build.0 = Release|Any CPU
		{3A9F9663-AC71-4462-A53B-D18AC6CCA8B4}.Release|Any CPU.Deploy.0 = Release|Any CPU
		{3A9F9663-AC71-4462-A53B-D18AC6CCA8B4}.Release|ARM.ActiveCfg = Release|Any CPU
		{3A9F9663-AC71-4462-A53B-D18AC6CCA8B4}.Release|ARM.Build.0 = Release|Any CPU
		{3A9F9663-AC71-4462-A53B-D18AC6CCA8B4}.Release|ARM.Deploy.0 = Release|Any CPU
		{3A9F9663-AC71-4462-A53B-D18AC6CCA8B4}.Release|iPhone.ActiveCfg = Release|Any CPU
		{3A9F9663-AC71-4462-A53B-D18AC6CCA8B4}.Release|iPhone.Build.0 = Release|Any CPU
		{3A9F9663-AC71-4462-A53B-D18AC6CCA8B4}.Release|iPhone.Deploy.0 = Release|Any CPU
		{3A9F9663-AC71-4462-A53B-D18AC6CCA8B4}.Release|iPhoneSimulator.ActiveCfg = Release|Any CPU
		{3A9F9663-AC71-4462-A53B-D18AC6CCA8B4}.Release|iPhoneSimulator.Build.0 = Release|Any CPU
		{3A9F9663-AC71-4462-A53B-D18AC6CCA8B4}.Release|iPhoneSimulator.Deploy.0 = Release|Any CPU
		{3A9F9663-AC71-4462-A53B-D18AC6CCA8B4}.Release|x64.ActiveCfg = Release|Any CPU
		{3A9F9663-AC71-4462-A53B-D18AC6CCA8B4}.Release|x64.Build.0 = Release|Any CPU
		{3A9F9663-AC71-4462-A53B-D18AC6CCA8B4}.Release|x64.Deploy.0 = Release|Any CPU
		{3A9F9663-AC71-4462-A53B-D18AC6CCA8B4}.Release|x86.ActiveCfg = Release|Any CPU
		{3A9F9663-AC71-4462-A53B-D18AC6CCA8B4}.Release|x86.Build.0 = Release|Any CPU
		{3A9F9663-AC71-4462-A53B-D18AC6CCA8B4}.Release|x86.Deploy.0 = Release|Any CPU
	EndGlobalSection
	GlobalSection(SolutionProperties) = preSolution
		HideSolutionNode = FALSE
	EndGlobalSection
	GlobalSection(ExtensibilityGlobals) = postSolution
		SolutionGuid = {C78E22DC-8DAC-45C7-86EB-C1072E5B7331}
	EndGlobalSection
EndGlobal
